
Microsoft Visual Studio Solution File, Format Version 12.00
Project("{2150E333-8FDC-42A3-9474-1A3956D46DE8}") = "1.GettingStarted", "1.GettingStarted", "{437837AA-AECD-4F38-BBB5-AE8873E1DCCC}"
EndProject
Project("{2150E333-8FDC-42A3-9474-1A3956D46DE8}") = "Helpers", "Helpers", "{E206559B-5371-451B-AD2E-D5E304174D51}"
	ProjectSection(SolutionItems) = preProject
		Helpers\Course.postman_collection.json = Helpers\Course.postman_collection.json
		Helpers\movies.json = Helpers\movies.json
	EndProjectSection
EndProject
Project("{FAE04EC0-301F-11D3-BF4B-00C04F79EFBC}") = "Movies.Api", "1.GettingStarted\Movies.Api\Movies.Api.csproj", "{5F67A488-3747-493A-9F82-DF6082D686F2}"
EndProject
Project("{FAE04EC0-301F-11D3-BF4B-00C04F79EFBC}") = "Movies.Application", "1.GettingStarted\Movies.Application\Movies.Application.csproj", "{46BCBFD6-D4A5-48AB-A0E0-ABBEA8CAE2ED}"
EndProject
Project("{FAE04EC0-301F-11D3-BF4B-00C04F79EFBC}") = "Movies.Contracts", "1.GettingStarted\Movies.Contracts\Movies.Contracts.csproj", "{EAABC916-D2E8-4997-9FC0-2E10AA14EFCE}"
EndProject
Project("{2150E333-8FDC-42A3-9474-1A3956D46DE8}") = "2.BeyondTheBasics", "2.BeyondTheBasics", "{D964A6A5-29B1-4B1B-8350-398E28AFF74E}"
EndProject
Project("{FAE04EC0-301F-11D3-BF4B-00C04F79EFBC}") = "Movies.Api", "2.BeyondTheBasics\Movies.Api\Movies.Api.csproj", "{36CF9B3D-5AFD-430C-8355-1C363F6C9481}"
EndProject
Project("{FAE04EC0-301F-11D3-BF4B-00C04F79EFBC}") = "Movies.Application", "2.BeyondTheBasics\Movies.Application\Movies.Application.csproj", "{DE42E50C-AF08-43B9-93DC-9FA707D7C485}"
EndProject
Project("{FAE04EC0-301F-11D3-BF4B-00C04F79EFBC}") = "Movies.Contracts", "2.BeyondTheBasics\Movies.Contracts\Movies.Contracts.csproj", "{0B83E435-9701-48DB-AE47-05BF7E868E1A}"
EndProject
Project("{2150E333-8FDC-42A3-9474-1A3956D46DE8}") = "3.Auth", "3.Auth", "{BB193B03-79CD-46B9-9332-CA022AC62B71}"
EndProject
Project("{FAE04EC0-301F-11D3-BF4B-00C04F79EFBC}") = "Identity.Api", "Helpers\Identity.Api\Identity.Api.csproj", "{433113A5-C035-45E1-9CDC-EDA30654A615}"
EndProject
Project("{FAE04EC0-301F-11D3-BF4B-00C04F79EFBC}") = "Movies.Api", "3.Auth\Movies.Api\Movies.Api.csproj", "{BDFBFD90-576A-4836-B522-08B4205F0112}"
EndProject
Project("{FAE04EC0-301F-11D3-BF4B-00C04F79EFBC}") = "Movies.Application", "3.Auth\Movies.Application\Movies.Application.csproj", "{8F412CB5-B74B-47DD-B8C9-891A313D9C28}"
EndProject
Project("{FAE04EC0-301F-11D3-BF4B-00C04F79EFBC}") = "Movies.Contracts", "3.Auth\Movies.Contracts\Movies.Contracts.csproj", "{C2A546B8-DE61-4A1D-B124-5161B45D0C12}"
EndProject
Project("{2150E333-8FDC-42A3-9474-1A3956D46DE8}") = "4.Ratings", "4.Ratings", "{98B73175-1CF6-45D5-9CEC-8A4A39338891}"
EndProject
Project("{FAE04EC0-301F-11D3-BF4B-00C04F79EFBC}") = "Movies.Api", "4.Ratings\Movies.Api\Movies.Api.csproj", "{1E96E68E-F774-4738-B4DF-FCF67D1DE5BA}"
EndProject
Project("{FAE04EC0-301F-11D3-BF4B-00C04F79EFBC}") = "Movies.Application", "4.Ratings\Movies.Application\Movies.Application.csproj", "{4C23632B-6F44-4681-8B70-24DBDDFB0002}"
EndProject
Project("{FAE04EC0-301F-11D3-BF4B-00C04F79EFBC}") = "Movies.Contracts", "4.Ratings\Movies.Contracts\Movies.Contracts.csproj", "{FE669CCB-9620-4101-8F96-12ECD72A8991}"
EndProject
Project("{2150E333-8FDC-42A3-9474-1A3956D46DE8}") = "5.AdvancedFeatures", "5.AdvancedFeatures", "{CFFA8A85-643E-4078-8816-83132F78B660}"
EndProject
Project("{FAE04EC0-301F-11D3-BF4B-00C04F79EFBC}") = "Movies.Api", "5.AdvancedFeatures\Movies.Api\Movies.Api.csproj", "{E2D30D7B-A1D2-4152-81A2-70CBFDBD1A29}"
EndProject
Project("{FAE04EC0-301F-11D3-BF4B-00C04F79EFBC}") = "Movies.Application", "5.AdvancedFeatures\Movies.Application\Movies.Application.csproj", "{2A7DE210-D450-4464-AE88-2CDAD7495785}"
EndProject
Project("{FAE04EC0-301F-11D3-BF4B-00C04F79EFBC}") = "Movies.Contracts", "5.AdvancedFeatures\Movies.Contracts\Movies.Contracts.csproj", "{41C67B54-3DCD-4618-8422-569130BDE571}"
EndProject
Project("{2150E333-8FDC-42A3-9474-1A3956D46DE8}") = "6.SDK", "6.SDK", "{DE455B84-7DD1-4D21-A8E7-15DCE8D9927E}"
EndProject
Project("{FAE04EC0-301F-11D3-BF4B-00C04F79EFBC}") = "Movies.Api", "6.SDK\Movies.Api\Movies.Api.csproj", "{D45F6242-50E0-4BCE-AB6F-75FCB8E1F45B}"
EndProject
Project("{FAE04EC0-301F-11D3-BF4B-00C04F79EFBC}") = "Movies.Application", "6.SDK\Movies.Application\Movies.Application.csproj", "{7936B6C2-0866-48BC-B521-BD20F9112360}"
EndProject
Project("{FAE04EC0-301F-11D3-BF4B-00C04F79EFBC}") = "Movies.Contracts", "6.SDK\Movies.Contracts\Movies.Contracts.csproj", "{69FF2AA7-98FF-43DE-850B-0A324AAF3256}"
EndProject
Project("{FAE04EC0-301F-11D3-BF4B-00C04F79EFBC}") = "Movies.Api.Sdk", "6.SDK\Movies.Api.Sdk\Movies.Api.Sdk.csproj", "{8A2F78D1-ADD9-4089-AFD2-937FC2D2D770}"
EndProject
Project("{FAE04EC0-301F-11D3-BF4B-00C04F79EFBC}") = "Movies.Api.Sdk.Consumer", "6.SDK\Movies.Api.Sdk.Consumer\Movies.Api.Sdk.Consumer.csproj", "{E28C40CD-6BDF-4B32-A8CC-D1312DA55365}"
EndProject
Global
	GlobalSection(SolutionConfigurationPlatforms) = preSolution
		Debug|Any CPU = Debug|Any CPU
		Release|Any CPU = Release|Any CPU
	EndGlobalSection
	GlobalSection(NestedProjects) = preSolution
		{5F67A488-3747-493A-9F82-DF6082D686F2} = {437837AA-AECD-4F38-BBB5-AE8873E1DCCC}
		{46BCBFD6-D4A5-48AB-A0E0-ABBEA8CAE2ED} = {437837AA-AECD-4F38-BBB5-AE8873E1DCCC}
		{EAABC916-D2E8-4997-9FC0-2E10AA14EFCE} = {437837AA-AECD-4F38-BBB5-AE8873E1DCCC}
		{36CF9B3D-5AFD-430C-8355-1C363F6C9481} = {D964A6A5-29B1-4B1B-8350-398E28AFF74E}
		{DE42E50C-AF08-43B9-93DC-9FA707D7C485} = {D964A6A5-29B1-4B1B-8350-398E28AFF74E}
		{0B83E435-9701-48DB-AE47-05BF7E868E1A} = {D964A6A5-29B1-4B1B-8350-398E28AFF74E}
		{433113A5-C035-45E1-9CDC-EDA30654A615} = {E206559B-5371-451B-AD2E-D5E304174D51}
		{BDFBFD90-576A-4836-B522-08B4205F0112} = {BB193B03-79CD-46B9-9332-CA022AC62B71}
		{8F412CB5-B74B-47DD-B8C9-891A313D9C28} = {BB193B03-79CD-46B9-9332-CA022AC62B71}
		{C2A546B8-DE61-4A1D-B124-5161B45D0C12} = {BB193B03-79CD-46B9-9332-CA022AC62B71}
		{1E96E68E-F774-4738-B4DF-FCF67D1DE5BA} = {98B73175-1CF6-45D5-9CEC-8A4A39338891}
		{4C23632B-6F44-4681-8B70-24DBDDFB0002} = {98B73175-1CF6-45D5-9CEC-8A4A39338891}
		{FE669CCB-9620-4101-8F96-12ECD72A8991} = {98B73175-1CF6-45D5-9CEC-8A4A39338891}
		{E2D30D7B-A1D2-4152-81A2-70CBFDBD1A29} = {CFFA8A85-643E-4078-8816-83132F78B660}
		{2A7DE210-D450-4464-AE88-2CDAD7495785} = {CFFA8A85-643E-4078-8816-83132F78B660}
		{41C67B54-3DCD-4618-8422-569130BDE571} = {CFFA8A85-643E-4078-8816-83132F78B660}
		{D45F6242-50E0-4BCE-AB6F-75FCB8E1F45B} = {DE455B84-7DD1-4D21-A8E7-15DCE8D9927E}
		{7936B6C2-0866-48BC-B521-BD20F9112360} = {DE455B84-7DD1-4D21-A8E7-15DCE8D9927E}
		{69FF2AA7-98FF-43DE-850B-0A324AAF3256} = {DE455B84-7DD1-4D21-A8E7-15DCE8D9927E}
		{8A2F78D1-ADD9-4089-AFD2-937FC2D2D770} = {DE455B84-7DD1-4D21-A8E7-15DCE8D9927E}
		{E28C40CD-6BDF-4B32-A8CC-D1312DA55365} = {DE455B84-7DD1-4D21-A8E7-15DCE8D9927E}
	EndGlobalSection
	GlobalSection(ProjectConfigurationPlatforms) = postSolution
		{5F67A488-3747-493A-9F82-DF6082D686F2}.Debug|Any CPU.ActiveCfg = Debug|Any CPU
		{5F67A488-3747-493A-9F82-DF6082D686F2}.Debug|Any CPU.Build.0 = Debug|Any CPU
		{5F67A488-3747-493A-9F82-DF6082D686F2}.Release|Any CPU.ActiveCfg = Release|Any CPU
		{5F67A488-3747-493A-9F82-DF6082D686F2}.Release|Any CPU.Build.0 = Release|Any CPU
		{46BCBFD6-D4A5-48AB-A0E0-ABBEA8CAE2ED}.Debug|Any CPU.ActiveCfg = Debug|Any CPU
		{46BCBFD6-D4A5-48AB-A0E0-ABBEA8CAE2ED}.Debug|Any CPU.Build.0 = Debug|Any CPU
		{46BCBFD6-D4A5-48AB-A0E0-ABBEA8CAE2ED}.Release|Any CPU.ActiveCfg = Release|Any CPU
		{46BCBFD6-D4A5-48AB-A0E0-ABBEA8CAE2ED}.Release|Any CPU.Build.0 = Release|Any CPU
		{EAABC916-D2E8-4997-9FC0-2E10AA14EFCE}.Debug|Any CPU.ActiveCfg = Debug|Any CPU
		{EAABC916-D2E8-4997-9FC0-2E10AA14EFCE}.Debug|Any CPU.Build.0 = Debug|Any CPU
		{EAABC916-D2E8-4997-9FC0-2E10AA14EFCE}.Release|Any CPU.ActiveCfg = Release|Any CPU
		{EAABC916-D2E8-4997-9FC0-2E10AA14EFCE}.Release|Any CPU.Build.0 = Release|Any CPU
		{36CF9B3D-5AFD-430C-8355-1C363F6C9481}.Debug|Any CPU.ActiveCfg = Debug|Any CPU
		{36CF9B3D-5AFD-430C-8355-1C363F6C9481}.Debug|Any CPU.Build.0 = Debug|Any CPU
		{36CF9B3D-5AFD-430C-8355-1C363F6C9481}.Release|Any CPU.ActiveCfg = Release|Any CPU
		{36CF9B3D-5AFD-430C-8355-1C363F6C9481}.Release|Any CPU.Build.0 = Release|Any CPU
		{DE42E50C-AF08-43B9-93DC-9FA707D7C485}.Debug|Any CPU.ActiveCfg = Debug|Any CPU
		{DE42E50C-AF08-43B9-93DC-9FA707D7C485}.Debug|Any CPU.Build.0 = Debug|Any CPU
		{DE42E50C-AF08-43B9-93DC-9FA707D7C485}.Release|Any CPU.ActiveCfg = Release|Any CPU
		{DE42E50C-AF08-43B9-93DC-9FA707D7C485}.Release|Any CPU.Build.0 = Release|Any CPU
		{0B83E435-9701-48DB-AE47-05BF7E868E1A}.Debug|Any CPU.ActiveCfg = Debug|Any CPU
		{0B83E435-9701-48DB-AE47-05BF7E868E1A}.Debug|Any CPU.Build.0 = Debug|Any CPU
		{0B83E435-9701-48DB-AE47-05BF7E868E1A}.Release|Any CPU.ActiveCfg = Release|Any CPU
		{0B83E435-9701-48DB-AE47-05BF7E868E1A}.Release|Any CPU.Build.0 = Release|Any CPU
		{433113A5-C035-45E1-9CDC-EDA30654A615}.Debug|Any CPU.ActiveCfg = Debug|Any CPU
		{433113A5-C035-45E1-9CDC-EDA30654A615}.Debug|Any CPU.Build.0 = Debug|Any CPU
		{433113A5-C035-45E1-9CDC-EDA30654A615}.Release|Any CPU.ActiveCfg = Release|Any CPU
		{433113A5-C035-45E1-9CDC-EDA30654A615}.Release|Any CPU.Build.0 = Release|Any CPU
		{BDFBFD90-576A-4836-B522-08B4205F0112}.Debug|Any CPU.ActiveCfg = Debug|Any CPU
		{BDFBFD90-576A-4836-B522-08B4205F0112}.Debug|Any CPU.Build.0 = Debug|Any CPU
		{BDFBFD90-576A-4836-B522-08B4205F0112}.Release|Any CPU.ActiveCfg = Release|Any CPU
		{BDFBFD90-576A-4836-B522-08B4205F0112}.Release|Any CPU.Build.0 = Release|Any CPU
		{8F412CB5-B74B-47DD-B8C9-891A313D9C28}.Debug|Any CPU.ActiveCfg = Debug|Any CPU
		{8F412CB5-B74B-47DD-B8C9-891A313D9C28}.Debug|Any CPU.Build.0 = Debug|Any CPU
		{8F412CB5-B74B-47DD-B8C9-891A313D9C28}.Release|Any CPU.ActiveCfg = Release|Any CPU
		{8F412CB5-B74B-47DD-B8C9-891A313D9C28}.Release|Any CPU.Build.0 = Release|Any CPU
		{C2A546B8-DE61-4A1D-B124-5161B45D0C12}.Debug|Any CPU.ActiveCfg = Debug|Any CPU
		{C2A546B8-DE61-4A1D-B124-5161B45D0C12}.Debug|Any CPU.Build.0 = Debug|Any CPU
		{C2A546B8-DE61-4A1D-B124-5161B45D0C12}.Release|Any CPU.ActiveCfg = Release|Any CPU
		{C2A546B8-DE61-4A1D-B124-5161B45D0C12}.Release|Any CPU.Build.0 = Release|Any CPU
		{1E96E68E-F774-4738-B4DF-FCF67D1DE5BA}.Debug|Any CPU.ActiveCfg = Debug|Any CPU
		{1E96E68E-F774-4738-B4DF-FCF67D1DE5BA}.Debug|Any CPU.Build.0 = Debug|Any CPU
		{1E96E68E-F774-4738-B4DF-FCF67D1DE5BA}.Release|Any CPU.ActiveCfg = Release|Any CPU
		{1E96E68E-F774-4738-B4DF-FCF67D1DE5BA}.Release|Any CPU.Build.0 = Release|Any CPU
		{4C23632B-6F44-4681-8B70-24DBDDFB0002}.Debug|Any CPU.ActiveCfg = Debug|Any CPU
		{4C23632B-6F44-4681-8B70-24DBDDFB0002}.Debug|Any CPU.Build.0 = Debug|Any CPU
		{4C23632B-6F44-4681-8B70-24DBDDFB0002}.Release|Any CPU.ActiveCfg = Release|Any CPU
		{4C23632B-6F44-4681-8B70-24DBDDFB0002}.Release|Any CPU.Build.0 = Release|Any CPU
		{FE669CCB-9620-4101-8F96-12ECD72A8991}.Debug|Any CPU.ActiveCfg = Debug|Any CPU
		{FE669CCB-9620-4101-8F96-12ECD72A8991}.Debug|Any CPU.Build.0 = Debug|Any CPU
		{FE669CCB-9620-4101-8F96-12ECD72A8991}.Release|Any CPU.ActiveCfg = Release|Any CPU
		{FE669CCB-9620-4101-8F96-12ECD72A8991}.Release|Any CPU.Build.0 = Release|Any CPU
		{E2D30D7B-A1D2-4152-81A2-70CBFDBD1A29}.Debug|Any CPU.ActiveCfg = Debug|Any CPU
		{E2D30D7B-A1D2-4152-81A2-70CBFDBD1A29}.Debug|Any CPU.Build.0 = Debug|Any CPU
		{E2D30D7B-A1D2-4152-81A2-70CBFDBD1A29}.Release|Any CPU.ActiveCfg = Release|Any CPU
		{E2D30D7B-A1D2-4152-81A2-70CBFDBD1A29}.Release|Any CPU.Build.0 = Release|Any CPU
		{2A7DE210-D450-4464-AE88-2CDAD7495785}.Debug|Any CPU.ActiveCfg = Debug|Any CPU
		{2A7DE210-D450-4464-AE88-2CDAD7495785}.Debug|Any CPU.Build.0 = Debug|Any CPU
		{2A7DE210-D450-4464-AE88-2CDAD7495785}.Release|Any CPU.ActiveCfg = Release|Any CPU
		{2A7DE210-D450-4464-AE88-2CDAD7495785}.Release|Any CPU.Build.0 = Release|Any CPU
		{41C67B54-3DCD-4618-8422-569130BDE571}.Debug|Any CPU.ActiveCfg = Debug|Any CPU
		{41C67B54-3DCD-4618-8422-569130BDE571}.Debug|Any CPU.Build.0 = Debug|Any CPU
		{41C67B54-3DCD-4618-8422-569130BDE571}.Release|Any CPU.ActiveCfg = Release|Any CPU
		{41C67B54-3DCD-4618-8422-569130BDE571}.Release|Any CPU.Build.0 = Release|Any CPU
		{D45F6242-50E0-4BCE-AB6F-75FCB8E1F45B}.Debug|Any CPU.ActiveCfg = Debug|Any CPU
		{D45F6242-50E0-4BCE-AB6F-75FCB8E1F45B}.Debug|Any CPU.Build.0 = Debug|Any CPU
		{D45F6242-50E0-4BCE-AB6F-75FCB8E1F45B}.Release|Any CPU.ActiveCfg = Release|Any CPU
		{D45F6242-50E0-4BCE-AB6F-75FCB8E1F45B}.Release|Any CPU.Build.0 = Release|Any CPU
		{7936B6C2-0866-48BC-B521-BD20F9112360}.Debug|Any CPU.ActiveCfg = Debug|Any CPU
		{7936B6C2-0866-48BC-B521-BD20F9112360}.Debug|Any CPU.Build.0 = Debug|Any CPU
		{7936B6C2-0866-48BC-B521-BD20F9112360}.Release|Any CPU.ActiveCfg = Release|Any CPU
		{7936B6C2-0866-48BC-B521-BD20F9112360}.Release|Any CPU.Build.0 = Release|Any CPU
		{69FF2AA7-98FF-43DE-850B-0A324AAF3256}.Debug|Any CPU.ActiveCfg = Debug|Any CPU
		{69FF2AA7-98FF-43DE-850B-0A324AAF3256}.Debug|Any CPU.Build.0 = Debug|Any CPU
		{69FF2AA7-98FF-43DE-850B-0A324AAF3256}.Release|Any CPU.ActiveCfg = Release|Any CPU
		{69FF2AA7-98FF-43DE-850B-0A324AAF3256}.Release|Any CPU.Build.0 = Release|Any CPU
		{8A2F78D1-ADD9-4089-AFD2-937FC2D2D770}.Debug|Any CPU.ActiveCfg = Debug|Any CPU
		{8A2F78D1-ADD9-4089-AFD2-937FC2D2D770}.Debug|Any CPU.Build.0 = Debug|Any CPU
		{8A2F78D1-ADD9-4089-AFD2-937FC2D2D770}.Release|Any CPU.ActiveCfg = Release|Any CPU
		{8A2F78D1-ADD9-4089-AFD2-937FC2D2D770}.Release|Any CPU.Build.0 = Release|Any CPU
		{E28C40CD-6BDF-4B32-A8CC-D1312DA55365}.Debug|Any CPU.ActiveCfg = Debug|Any CPU
		{E28C40CD-6BDF-4B32-A8CC-D1312DA55365}.Debug|Any CPU.Build.0 = Debug|Any CPU
		{E28C40CD-6BDF-4B32-A8CC-D1312DA55365}.Release|Any CPU.ActiveCfg = Release|Any CPU
		{E28C40CD-6BDF-4B32-A8CC-D1312DA55365}.Release|Any CPU.Build.0 = Release|Any CPU
	EndGlobalSection
EndGlobal
