
Microsoft Visual Studio Solution File, Format Version 12.00
Project("{FAE04EC0-301F-11D3-BF4B-00C04F79EFBC}") = "Benchmarks.Lookups", "Benchmarks.Lookups\Benchmarks.Lookups.csproj", "{1DAC1821-A66A-4A46-86DF-23FA6364EACE}"
EndProject
Project("{FAE04EC0-301F-11D3-BF4B-00C04F79EFBC}") = "Benchmarks.Template", "Benchmarks.Template\Benchmarks.Template.csproj", "{2AD93E8C-FAA5-4ADD-9A1A-DBE41D8E7050}"
EndProject
Project("{FAE04EC0-301F-11D3-BF4B-00C04F79EFBC}") = "Testing.xUnit", "Testing.xUnit\Testing.xUnit.csproj", "{65518E09-6E76-45CA-8415-20C14CEB6B80}"
EndProject
Global
	GlobalSection(SolutionConfigurationPlatforms) = preSolution
		Debug|Any CPU = Debug|Any CPU
		Release|Any CPU = Release|Any CPU
	EndGlobalSection
	GlobalSection(ProjectConfigurationPlatforms) = postSolution
		{1DAC1821-A66A-4A46-86DF-23FA6364EACE}.Debug|Any CPU.ActiveCfg = Debug|Any CPU
		{1DAC1821-A66A-4A46-86DF-23FA6364EACE}.Debug|Any CPU.Build.0 = Debug|Any CPU
		{1DAC1821-A66A-4A46-86DF-23FA6364EACE}.Release|Any CPU.ActiveCfg = Release|Any CPU
		{1DAC1821-A66A-4A46-86DF-23FA6364EACE}.Release|Any CPU.Build.0 = Release|Any CPU
		{2AD93E8C-FAA5-4ADD-9A1A-DBE41D8E7050}.Debug|Any CPU.ActiveCfg = Debug|Any CPU
		{2AD93E8C-FAA5-4ADD-9A1A-DBE41D8E7050}.Debug|Any CPU.Build.0 = Debug|Any CPU
		{2AD93E8C-FAA5-4ADD-9A1A-DBE41D8E7050}.Release|Any CPU.ActiveCfg = Release|Any CPU
		{2AD93E8C-FAA5-4ADD-9A1A-DBE41D8E7050}.Release|Any CPU.Build.0 = Release|Any CPU
		{65518E09-6E76-45CA-8415-20C14CEB6B80}.Debug|Any CPU.ActiveCfg = Debug|Any CPU
		{65518E09-6E76-45CA-8415-20C14CEB6B80}.Debug|Any CPU.Build.0 = Debug|Any CPU
		{65518E09-6E76-45CA-8415-20C14CEB6B80}.Release|Any CPU.ActiveCfg = Release|Any CPU
		{65518E09-6E76-45CA-8415-20C14CEB6B80}.Release|Any CPU.Build.0 = Release|Any CPU
	EndGlobalSection
EndGlobal
