
Microsoft Visual Studio Solution File, Format Version 12.00
Project("{FAE04EC0-301F-11D3-BF4B-00C04F79EFBC}") = "Benchmarks.Lookups", "Benchmarks.Lookups\Benchmarks.Lookups.csproj", "{1DAC1821-A66A-4A46-86DF-23FA6364EACE}"
EndProject
Project("{FAE04EC0-301F-11D3-BF4B-00C04F79EFBC}") = "Benchmarks.Template", "Benchmarks.Template\Benchmarks.Template.csproj", "{2AD93E8C-FAA5-4ADD-9A1A-DBE41D8E7050}"
EndProject
Project("{FAE04EC0-301F-11D3-BF4B-00C04F79EFBC}") = "Testing.xUnit", "Testing.xUnit\Testing.xUnit.csproj", "{65518E09-6E76-45CA-8415-20C14CEB6B80}"
EndProject
Project("{FAE04EC0-301F-11D3-BF4B-00C04F79EFBC}") = "Keywords.Virtual", "Keywords.Virtual\Keywords.Virtual.csproj", "{921018AD-DC05-4682-92F6-BEF887079872}"
EndProject
Project("{FAE04EC0-301F-11D3-BF4B-00C04F79EFBC}") = "Types.Interface", "Types.Interface\Types.Interface.csproj", "{B52C30C6-03D4-42E4-8E82-FA4ECA58CBDF}"
EndProject
Project("{FAE04EC0-301F-11D3-BF4B-00C04F79EFBC}") = "Types.ValueVsReference", "Types.ValueVsReference\Types.ValueVsReference.csproj", "{F4EB3D52-942E-42D0-A8DC-8A14591A5EC7}"
EndProject
Project("{FAE04EC0-301F-11D3-BF4B-00C04F79EFBC}") = "Keywords.Abstract", "Keywords.Abstract\Keywords.Abstract.csproj", "{F184AD50-A23B-4870-92D5-0067DBBA40B0}"
EndProject
Project("{FAE04EC0-301F-11D3-BF4B-00C04F79EFBC}") = "Types.Class.BaseConstructor", "Types.Class.BaseConstructor\Types.Class.BaseConstructor.csproj", "{60373A7F-9B10-448B-AB5A-E72CA7A0E5F6}"
EndProject
Project("{FAE04EC0-301F-11D3-BF4B-00C04F79EFBC}") = "Keywords.Event", "Keywords.Event\Keywords.Event.csproj", "{F49BE790-F7AB-4654-9B88-681F2A86B2A6}"
EndProject
Project("{FAE04EC0-301F-11D3-BF4B-00C04F79EFBC}") = "Exercises.FizzBuzz", "Exercises.FizzBuzz\Exercises.FizzBuzz.csproj", "{A09CC77E-C777-47E5-A1C2-CA44970463F8}"
EndProject
Project("{FAE04EC0-301F-11D3-BF4B-00C04F79EFBC}") = "Algorithms.BubbleSort", "Algorithms.BubbleSort\Algorithms.BubbleSort.csproj", "{A87C7690-93EA-4DC8-BC61-8A496C64FEDF}"
EndProject
Project("{FAE04EC0-301F-11D3-BF4B-00C04F79EFBC}") = "Exercises.IfStartsWithLowerCase", "Exercises.IfStartsWithLowerCase\Exercises.IfStartsWithLowerCase.csproj", "{3F48BC13-F385-4675-AA49-FF5F519BA4BD}"
EndProject
Project("{FAE04EC0-301F-11D3-BF4B-00C04F79EFBC}") = "Databases.EFCore.Sqlite", "Databases.EFCore.Sqlite\Databases.EFCore.Sqlite.csproj", "{F0BC8F21-DCF5-4018-9E29-110F4E300056}"
EndProject
Project("{FAE04EC0-301F-11D3-BF4B-00C04F79EFBC}") = "Algorithms.SelectionSort", "Algorithms.SelectionSort\Algorithms.SelectionSort.csproj", "{260B65C8-AFD3-4D25-B607-5C65E9BB62B6}"
EndProject
Project("{FAE04EC0-301F-11D3-BF4B-00C04F79EFBC}") = "Benchmarks.SortingAlgorithms", "Benchmarks.SortingAlgorithms\Benchmarks.SortingAlgorithms.csproj", "{27F11D0A-5B1F-463B-83D6-FDDB466DDA74}"
EndProject
Project("{FAE04EC0-301F-11D3-BF4B-00C04F79EFBC}") = "Algorithms.MergeSort", "Algorithms.MergeSort\Algorithms.MergeSort.csproj", "{614A1616-320B-49EE-8AB1-D00F7ABED180}"
EndProject
Project("{FAE04EC0-301F-11D3-BF4B-00C04F79EFBC}") = "Library.Seeders.Files", "Library.Seeders.Files\Library.Seeders.Files.csproj", "{44F77E0A-538D-44E7-921B-6E26A1A94555}"
EndProject
Project("{FAE04EC0-301F-11D3-BF4B-00C04F79EFBC}") = "Library.Seeders.Files.Tests", "Library.Seeders.Files.Tests\Library.Seeders.Files.Tests.csproj", "{D0901DF2-C103-479A-B0F8-906F9D1D7BBC}"
EndProject
Project("{FAE04EC0-301F-11D3-BF4B-00C04F79EFBC}") = "Seeders.Files", "Seeders.Files\Seeders.Files.csproj", "{706F5101-C5B5-4F9D-9A99-E1ED6925DAFC}"
EndProject
Global
	GlobalSection(SolutionConfigurationPlatforms) = preSolution
		Debug|Any CPU = Debug|Any CPU
		Release|Any CPU = Release|Any CPU
	EndGlobalSection
	GlobalSection(ProjectConfigurationPlatforms) = postSolution
		{1DAC1821-A66A-4A46-86DF-23FA6364EACE}.Debug|Any CPU.ActiveCfg = Debug|Any CPU
		{1DAC1821-A66A-4A46-86DF-23FA6364EACE}.Debug|Any CPU.Build.0 = Debug|Any CPU
		{1DAC1821-A66A-4A46-86DF-23FA6364EACE}.Release|Any CPU.ActiveCfg = Release|Any CPU
		{1DAC1821-A66A-4A46-86DF-23FA6364EACE}.Release|Any CPU.Build.0 = Release|Any CPU
		{2AD93E8C-FAA5-4ADD-9A1A-DBE41D8E7050}.Debug|Any CPU.ActiveCfg = Debug|Any CPU
		{2AD93E8C-FAA5-4ADD-9A1A-DBE41D8E7050}.Debug|Any CPU.Build.0 = Debug|Any CPU
		{2AD93E8C-FAA5-4ADD-9A1A-DBE41D8E7050}.Release|Any CPU.ActiveCfg = Release|Any CPU
		{2AD93E8C-FAA5-4ADD-9A1A-DBE41D8E7050}.Release|Any CPU.Build.0 = Release|Any CPU
		{65518E09-6E76-45CA-8415-20C14CEB6B80}.Debug|Any CPU.ActiveCfg = Debug|Any CPU
		{65518E09-6E76-45CA-8415-20C14CEB6B80}.Debug|Any CPU.Build.0 = Debug|Any CPU
		{65518E09-6E76-45CA-8415-20C14CEB6B80}.Release|Any CPU.ActiveCfg = Release|Any CPU
		{65518E09-6E76-45CA-8415-20C14CEB6B80}.Release|Any CPU.Build.0 = Release|Any CPU
		{921018AD-DC05-4682-92F6-BEF887079872}.Debug|Any CPU.ActiveCfg = Debug|Any CPU
		{921018AD-DC05-4682-92F6-BEF887079872}.Debug|Any CPU.Build.0 = Debug|Any CPU
		{921018AD-DC05-4682-92F6-BEF887079872}.Release|Any CPU.ActiveCfg = Release|Any CPU
		{921018AD-DC05-4682-92F6-BEF887079872}.Release|Any CPU.Build.0 = Release|Any CPU
		{B52C30C6-03D4-42E4-8E82-FA4ECA58CBDF}.Debug|Any CPU.ActiveCfg = Debug|Any CPU
		{B52C30C6-03D4-42E4-8E82-FA4ECA58CBDF}.Debug|Any CPU.Build.0 = Debug|Any CPU
		{B52C30C6-03D4-42E4-8E82-FA4ECA58CBDF}.Release|Any CPU.ActiveCfg = Release|Any CPU
		{B52C30C6-03D4-42E4-8E82-FA4ECA58CBDF}.Release|Any CPU.Build.0 = Release|Any CPU
		{F4EB3D52-942E-42D0-A8DC-8A14591A5EC7}.Debug|Any CPU.ActiveCfg = Debug|Any CPU
		{F4EB3D52-942E-42D0-A8DC-8A14591A5EC7}.Debug|Any CPU.Build.0 = Debug|Any CPU
		{F4EB3D52-942E-42D0-A8DC-8A14591A5EC7}.Release|Any CPU.ActiveCfg = Release|Any CPU
		{F4EB3D52-942E-42D0-A8DC-8A14591A5EC7}.Release|Any CPU.Build.0 = Release|Any CPU
		{F184AD50-A23B-4870-92D5-0067DBBA40B0}.Debug|Any CPU.ActiveCfg = Debug|Any CPU
		{F184AD50-A23B-4870-92D5-0067DBBA40B0}.Debug|Any CPU.Build.0 = Debug|Any CPU
		{F184AD50-A23B-4870-92D5-0067DBBA40B0}.Release|Any CPU.ActiveCfg = Release|Any CPU
		{F184AD50-A23B-4870-92D5-0067DBBA40B0}.Release|Any CPU.Build.0 = Release|Any CPU
		{60373A7F-9B10-448B-AB5A-E72CA7A0E5F6}.Debug|Any CPU.ActiveCfg = Debug|Any CPU
		{60373A7F-9B10-448B-AB5A-E72CA7A0E5F6}.Debug|Any CPU.Build.0 = Debug|Any CPU
		{60373A7F-9B10-448B-AB5A-E72CA7A0E5F6}.Release|Any CPU.ActiveCfg = Release|Any CPU
		{60373A7F-9B10-448B-AB5A-E72CA7A0E5F6}.Release|Any CPU.Build.0 = Release|Any CPU
		{F49BE790-F7AB-4654-9B88-681F2A86B2A6}.Debug|Any CPU.ActiveCfg = Debug|Any CPU
		{F49BE790-F7AB-4654-9B88-681F2A86B2A6}.Debug|Any CPU.Build.0 = Debug|Any CPU
		{F49BE790-F7AB-4654-9B88-681F2A86B2A6}.Release|Any CPU.ActiveCfg = Release|Any CPU
		{F49BE790-F7AB-4654-9B88-681F2A86B2A6}.Release|Any CPU.Build.0 = Release|Any CPU
		{A09CC77E-C777-47E5-A1C2-CA44970463F8}.Debug|Any CPU.ActiveCfg = Debug|Any CPU
		{A09CC77E-C777-47E5-A1C2-CA44970463F8}.Debug|Any CPU.Build.0 = Debug|Any CPU
		{A09CC77E-C777-47E5-A1C2-CA44970463F8}.Release|Any CPU.ActiveCfg = Release|Any CPU
		{A09CC77E-C777-47E5-A1C2-CA44970463F8}.Release|Any CPU.Build.0 = Release|Any CPU
		{A87C7690-93EA-4DC8-BC61-8A496C64FEDF}.Debug|Any CPU.ActiveCfg = Debug|Any CPU
		{A87C7690-93EA-4DC8-BC61-8A496C64FEDF}.Debug|Any CPU.Build.0 = Debug|Any CPU
		{A87C7690-93EA-4DC8-BC61-8A496C64FEDF}.Release|Any CPU.ActiveCfg = Release|Any CPU
		{A87C7690-93EA-4DC8-BC61-8A496C64FEDF}.Release|Any CPU.Build.0 = Release|Any CPU
		{3F48BC13-F385-4675-AA49-FF5F519BA4BD}.Debug|Any CPU.ActiveCfg = Debug|Any CPU
		{3F48BC13-F385-4675-AA49-FF5F519BA4BD}.Debug|Any CPU.Build.0 = Debug|Any CPU
		{3F48BC13-F385-4675-AA49-FF5F519BA4BD}.Release|Any CPU.ActiveCfg = Release|Any CPU
		{3F48BC13-F385-4675-AA49-FF5F519BA4BD}.Release|Any CPU.Build.0 = Release|Any CPU
		{F0BC8F21-DCF5-4018-9E29-110F4E300056}.Debug|Any CPU.ActiveCfg = Debug|Any CPU
		{F0BC8F21-DCF5-4018-9E29-110F4E300056}.Debug|Any CPU.Build.0 = Debug|Any CPU
		{F0BC8F21-DCF5-4018-9E29-110F4E300056}.Release|Any CPU.ActiveCfg = Release|Any CPU
		{F0BC8F21-DCF5-4018-9E29-110F4E300056}.Release|Any CPU.Build.0 = Release|Any CPU
		{260B65C8-AFD3-4D25-B607-5C65E9BB62B6}.Debug|Any CPU.ActiveCfg = Debug|Any CPU
		{260B65C8-AFD3-4D25-B607-5C65E9BB62B6}.Debug|Any CPU.Build.0 = Debug|Any CPU
		{260B65C8-AFD3-4D25-B607-5C65E9BB62B6}.Release|Any CPU.ActiveCfg = Release|Any CPU
		{260B65C8-AFD3-4D25-B607-5C65E9BB62B6}.Release|Any CPU.Build.0 = Release|Any CPU
		{27F11D0A-5B1F-463B-83D6-FDDB466DDA74}.Debug|Any CPU.ActiveCfg = Debug|Any CPU
		{27F11D0A-5B1F-463B-83D6-FDDB466DDA74}.Debug|Any CPU.Build.0 = Debug|Any CPU
		{27F11D0A-5B1F-463B-83D6-FDDB466DDA74}.Release|Any CPU.ActiveCfg = Release|Any CPU
		{27F11D0A-5B1F-463B-83D6-FDDB466DDA74}.Release|Any CPU.Build.0 = Release|Any CPU
		{614A1616-320B-49EE-8AB1-D00F7ABED180}.Debug|Any CPU.ActiveCfg = Debug|Any CPU
		{614A1616-320B-49EE-8AB1-D00F7ABED180}.Debug|Any CPU.Build.0 = Debug|Any CPU
		{614A1616-320B-49EE-8AB1-D00F7ABED180}.Release|Any CPU.ActiveCfg = Release|Any CPU
		{614A1616-320B-49EE-8AB1-D00F7ABED180}.Release|Any CPU.Build.0 = Release|Any CPU
		{44F77E0A-538D-44E7-921B-6E26A1A94555}.Debug|Any CPU.ActiveCfg = Debug|Any CPU
		{44F77E0A-538D-44E7-921B-6E26A1A94555}.Debug|Any CPU.Build.0 = Debug|Any CPU
		{44F77E0A-538D-44E7-921B-6E26A1A94555}.Release|Any CPU.ActiveCfg = Release|Any CPU
		{44F77E0A-538D-44E7-921B-6E26A1A94555}.Release|Any CPU.Build.0 = Release|Any CPU
		{D0901DF2-C103-479A-B0F8-906F9D1D7BBC}.Debug|Any CPU.ActiveCfg = Debug|Any CPU
		{D0901DF2-C103-479A-B0F8-906F9D1D7BBC}.Debug|Any CPU.Build.0 = Debug|Any CPU
		{D0901DF2-C103-479A-B0F8-906F9D1D7BBC}.Release|Any CPU.ActiveCfg = Release|Any CPU
		{D0901DF2-C103-479A-B0F8-906F9D1D7BBC}.Release|Any CPU.Build.0 = Release|Any CPU
		{706F5101-C5B5-4F9D-9A99-E1ED6925DAFC}.Debug|Any CPU.ActiveCfg = Debug|Any CPU
		{706F5101-C5B5-4F9D-9A99-E1ED6925DAFC}.Debug|Any CPU.Build.0 = Debug|Any CPU
		{706F5101-C5B5-4F9D-9A99-E1ED6925DAFC}.Release|Any CPU.ActiveCfg = Release|Any CPU
		{706F5101-C5B5-4F9D-9A99-E1ED6925DAFC}.Release|Any CPU.Build.0 = Release|Any CPU
	EndGlobalSection
EndGlobal
