
Microsoft Visual Studio Solution File, Format Version 12.00
Project("{2150E333-8FDC-42A3-9474-1A3956D46DE8}") = "1.Fundamentals", "1.Fundamentals", "{E117BAE0-9CE2-4955-B6E0-D426128B0CF2}"
EndProject
Project("{FAE04EC0-301F-11D3-BF4B-00C04F79EFBC}") = "CalculatorLibrary", "1.Fundamentals\src\CalculatorLibrary\CalculatorLibrary.csproj", "{A0A15C84-DE8D-4A92-8D56-FF7C6AAC8021}"
EndProject
Project("{FAE04EC0-301F-11D3-BF4B-00C04F79EFBC}") = "CalculatorLibrary.Tests.Unit", "1.Fundamentals\test\CalculatorLibrary.Tests.Unit\CalculatorLibrary.Tests.Unit.csproj", "{3789DBCD-5F97-4E98-9175-BD4429494F01}"
EndProject
Project("{2150E333-8FDC-42A3-9474-1A3956D46DE8}") = "src", "src", "{6FA7F75A-1CBD-4574-921C-2C9C3498A219}"
EndProject
Project("{2150E333-8FDC-42A3-9474-1A3956D46DE8}") = "test", "test", "{420D8164-2234-4679-8D8D-85A31B90EB53}"
EndProject
Project("{2150E333-8FDC-42A3-9474-1A3956D46DE8}") = "2.Techniques", "2.Techniques", "{10B9F89B-24B7-4276-8B1F-665D34D2CC05}"
EndProject
Project("{2150E333-8FDC-42A3-9474-1A3956D46DE8}") = "src", "src", "{1DF9EFC8-2AAB-4A76-BF76-059DCA6C3372}"
EndProject
Project("{2150E333-8FDC-42A3-9474-1A3956D46DE8}") = "test", "test", "{9744E9CD-32FA-4E34-B2EB-308162992983}"
EndProject
Project("{FAE04EC0-301F-11D3-BF4B-00C04F79EFBC}") = "TestingTechniques", "2.Techniques\src\TestingTechniques\TestingTechniques.csproj", "{831A46E3-ECE6-4A00-BBB2-644A3772FB56}"
EndProject
Project("{FAE04EC0-301F-11D3-BF4B-00C04F79EFBC}") = "TestingTechniques.Tests.Unit", "2.Techniques\test\TestingTechniques.Tests.Unit\TestingTechniques.Tests.Unit.csproj", "{D52C302C-C604-4A58-B2E3-D20BF2946A9E}"
EndProject
Project("{2150E333-8FDC-42A3-9474-1A3956D46DE8}") = "3.Concepts", "3.Concepts", "{1C98B667-2E77-42F4-8FCA-01CC4F8212F7}"
EndProject
Project("{2150E333-8FDC-42A3-9474-1A3956D46DE8}") = "src", "src", "{2BDDAD9D-560B-4660-9BE0-24009BABF7CB}"
EndProject
Project("{2150E333-8FDC-42A3-9474-1A3956D46DE8}") = "test", "test", "{A39C9923-5537-4C6A-A265-7C8FA3D17505}"
EndProject
Project("{FAE04EC0-301F-11D3-BF4B-00C04F79EFBC}") = "UnderstandingDependencies.Api", "3.Concepts\src\UnderstandingDependencies.Api\UnderstandingDependencies.Api.csproj", "{562A9B24-0471-45F7-A573-E2461D020EAC}"
EndProject
Project("{FAE04EC0-301F-11D3-BF4B-00C04F79EFBC}") = "UnderstandingDependencies.Api.Tests.Unit", "3.Concepts\test\UnderstandingDependencies.Api.Tests.Unit\UnderstandingDependencies.Api.Tests.Unit.csproj", "{0382B4E9-0BED-45DF-9920-015CA2D558A5}"
EndProject
Global
	GlobalSection(SolutionConfigurationPlatforms) = preSolution
		Debug|Any CPU = Debug|Any CPU
		Release|Any CPU = Release|Any CPU
	EndGlobalSection
	GlobalSection(NestedProjects) = preSolution
		{6FA7F75A-1CBD-4574-921C-2C9C3498A219} = {E117BAE0-9CE2-4955-B6E0-D426128B0CF2}
		{A0A15C84-DE8D-4A92-8D56-FF7C6AAC8021} = {6FA7F75A-1CBD-4574-921C-2C9C3498A219}
		{420D8164-2234-4679-8D8D-85A31B90EB53} = {E117BAE0-9CE2-4955-B6E0-D426128B0CF2}
		{3789DBCD-5F97-4E98-9175-BD4429494F01} = {420D8164-2234-4679-8D8D-85A31B90EB53}
		{1DF9EFC8-2AAB-4A76-BF76-059DCA6C3372} = {10B9F89B-24B7-4276-8B1F-665D34D2CC05}
		{9744E9CD-32FA-4E34-B2EB-308162992983} = {10B9F89B-24B7-4276-8B1F-665D34D2CC05}
		{831A46E3-ECE6-4A00-BBB2-644A3772FB56} = {1DF9EFC8-2AAB-4A76-BF76-059DCA6C3372}
		{D52C302C-C604-4A58-B2E3-D20BF2946A9E} = {9744E9CD-32FA-4E34-B2EB-308162992983}
		{2BDDAD9D-560B-4660-9BE0-24009BABF7CB} = {1C98B667-2E77-42F4-8FCA-01CC4F8212F7}
		{A39C9923-5537-4C6A-A265-7C8FA3D17505} = {1C98B667-2E77-42F4-8FCA-01CC4F8212F7}
		{562A9B24-0471-45F7-A573-E2461D020EAC} = {2BDDAD9D-560B-4660-9BE0-24009BABF7CB}
		{0382B4E9-0BED-45DF-9920-015CA2D558A5} = {A39C9923-5537-4C6A-A265-7C8FA3D17505}
	EndGlobalSection
	GlobalSection(ProjectConfigurationPlatforms) = postSolution
		{A0A15C84-DE8D-4A92-8D56-FF7C6AAC8021}.Debug|Any CPU.ActiveCfg = Debug|Any CPU
		{A0A15C84-DE8D-4A92-8D56-FF7C6AAC8021}.Debug|Any CPU.Build.0 = Debug|Any CPU
		{A0A15C84-DE8D-4A92-8D56-FF7C6AAC8021}.Release|Any CPU.ActiveCfg = Release|Any CPU
		{A0A15C84-DE8D-4A92-8D56-FF7C6AAC8021}.Release|Any CPU.Build.0 = Release|Any CPU
		{3789DBCD-5F97-4E98-9175-BD4429494F01}.Debug|Any CPU.ActiveCfg = Debug|Any CPU
		{3789DBCD-5F97-4E98-9175-BD4429494F01}.Debug|Any CPU.Build.0 = Debug|Any CPU
		{3789DBCD-5F97-4E98-9175-BD4429494F01}.Release|Any CPU.ActiveCfg = Release|Any CPU
		{3789DBCD-5F97-4E98-9175-BD4429494F01}.Release|Any CPU.Build.0 = Release|Any CPU
		{831A46E3-ECE6-4A00-BBB2-644A3772FB56}.Debug|Any CPU.ActiveCfg = Debug|Any CPU
		{831A46E3-ECE6-4A00-BBB2-644A3772FB56}.Debug|Any CPU.Build.0 = Debug|Any CPU
		{831A46E3-ECE6-4A00-BBB2-644A3772FB56}.Release|Any CPU.ActiveCfg = Release|Any CPU
		{831A46E3-ECE6-4A00-BBB2-644A3772FB56}.Release|Any CPU.Build.0 = Release|Any CPU
		{D52C302C-C604-4A58-B2E3-D20BF2946A9E}.Debug|Any CPU.ActiveCfg = Debug|Any CPU
		{D52C302C-C604-4A58-B2E3-D20BF2946A9E}.Debug|Any CPU.Build.0 = Debug|Any CPU
		{D52C302C-C604-4A58-B2E3-D20BF2946A9E}.Release|Any CPU.ActiveCfg = Release|Any CPU
		{D52C302C-C604-4A58-B2E3-D20BF2946A9E}.Release|Any CPU.Build.0 = Release|Any CPU
		{562A9B24-0471-45F7-A573-E2461D020EAC}.Debug|Any CPU.ActiveCfg = Debug|Any CPU
		{562A9B24-0471-45F7-A573-E2461D020EAC}.Debug|Any CPU.Build.0 = Debug|Any CPU
		{562A9B24-0471-45F7-A573-E2461D020EAC}.Release|Any CPU.ActiveCfg = Release|Any CPU
		{562A9B24-0471-45F7-A573-E2461D020EAC}.Release|Any CPU.Build.0 = Release|Any CPU
		{0382B4E9-0BED-45DF-9920-015CA2D558A5}.Debug|Any CPU.ActiveCfg = Debug|Any CPU
		{0382B4E9-0BED-45DF-9920-015CA2D558A5}.Debug|Any CPU.Build.0 = Debug|Any CPU
		{0382B4E9-0BED-45DF-9920-015CA2D558A5}.Release|Any CPU.ActiveCfg = Release|Any CPU
		{0382B4E9-0BED-45DF-9920-015CA2D558A5}.Release|Any CPU.Build.0 = Release|Any CPU
	EndGlobalSection
EndGlobal
