
Microsoft Visual Studio Solution File, Format Version 12.00
Project("{FAE04EC0-301F-11D3-BF4B-00C04F79EFBC}") = "UnderstandingTheNeedForGenerics", "UnderstandingTheNeedForGenerics\UnderstandingTheNeedForGenerics.csproj", "{B9A98984-FA44-49FB-A6A4-5F7EEB73EFDA}"
EndProject
Project("{FAE04EC0-301F-11D3-BF4B-00C04F79EFBC}") = "ImplementingGenericClasses", "ImplementingGenericClasses\ImplementingGenericClasses.csproj", "{B736C976-7DF4-4707-B82A-F06B801B67AB}"
EndProject
Global
	GlobalSection(SolutionConfigurationPlatforms) = preSolution
		Debug|Any CPU = Debug|Any CPU
		Release|Any CPU = Release|Any CPU
	EndGlobalSection
	GlobalSection(ProjectConfigurationPlatforms) = postSolution
		{B9A98984-FA44-49FB-A6A4-5F7EEB73EFDA}.Debug|Any CPU.ActiveCfg = Debug|Any CPU
		{B9A98984-FA44-49FB-A6A4-5F7EEB73EFDA}.Debug|Any CPU.Build.0 = Debug|Any CPU
		{B9A98984-FA44-49FB-A6A4-5F7EEB73EFDA}.Release|Any CPU.ActiveCfg = Release|Any CPU
		{B9A98984-FA44-49FB-A6A4-5F7EEB73EFDA}.Release|Any CPU.Build.0 = Release|Any CPU
		{B736C976-7DF4-4707-B82A-F06B801B67AB}.Debug|Any CPU.ActiveCfg = Debug|Any CPU
		{B736C976-7DF4-4707-B82A-F06B801B67AB}.Debug|Any CPU.Build.0 = Debug|Any CPU
		{B736C976-7DF4-4707-B82A-F06B801B67AB}.Release|Any CPU.ActiveCfg = Release|Any CPU
		{B736C976-7DF4-4707-B82A-F06B801B67AB}.Release|Any CPU.Build.0 = Release|Any CPU
	EndGlobalSection
EndGlobal
