
Microsoft Visual Studio Solution File, Format Version 12.00
Project("{2150E333-8FDC-42A3-9474-1A3956D46DE8}") = "Presentation", "Presentation", "{124A6801-FEBF-4421-AFFB-B6B0CE9625C2}"
EndProject
Project("{FAE04EC0-301F-11D3-BF4B-00C04F79EFBC}") = "GymManagement.Api", "src\GymManagement.Api\GymManagement.Api.csproj", "{C213467A-3438-40DB-B928-48752AE03B82}"
EndProject
Project("{2150E333-8FDC-42A3-9474-1A3956D46DE8}") = "Application", "Application", "{12D2D0C6-06EA-4F1D-8EF5-C25BDA7BA16F}"
EndProject
Project("{2150E333-8FDC-42A3-9474-1A3956D46DE8}") = "Infrastructure", "Infrastructure", "{F747FBC5-8B02-43DE-977B-8E89158D7371}"
EndProject
Project("{FAE04EC0-301F-11D3-BF4B-00C04F79EFBC}") = "GymManagement.Infrastructure", "src\GymManagement.Infrastructure\GymManagement.Infrastructure.csproj", "{C63CF81D-66C7-4650-A19D-6D9B04CA4726}"
EndProject
Project("{FAE04EC0-301F-11D3-BF4B-00C04F79EFBC}") = "GymManagement.Application", "src\GymManagement.Application\GymManagement.Application.csproj", "{F68E355E-468A-49EA-8D84-24FD50BFD8E2}"
EndProject
Project("{FAE04EC0-301F-11D3-BF4B-00C04F79EFBC}") = "GymManagement.Domain", "src\GymManagement.Domain\GymManagement.Domain.csproj", "{3A705D8A-740C-4056-AD79-338E4E30DC30}"
EndProject
Project("{2150E333-8FDC-42A3-9474-1A3956D46DE8}") = "src", "src", "{425C6A22-4F06-4361-8D9F-8C0714E99E60}"
EndProject
Project("{2150E333-8FDC-42A3-9474-1A3956D46DE8}") = "docs", "docs", "{6EBF6140-0DDC-4937-92DA-E8DF1269DA12}"
EndProject
Project("{2150E333-8FDC-42A3-9474-1A3956D46DE8}") = "requests", "requests", "{C2E1C1BF-6F86-484D-901B-A35DE508531C}"
EndProject
Project("{FAE04EC0-301F-11D3-BF4B-00C04F79EFBC}") = "GymManagement.Contracts", "src\GymManagement.Contracts\GymManagement.Contracts.csproj", "{D606FFFA-D45E-48F4-BB22-3058C2975579}"
EndProject
Global
	GlobalSection(SolutionConfigurationPlatforms) = preSolution
		Debug|Any CPU = Debug|Any CPU
		Release|Any CPU = Release|Any CPU
	EndGlobalSection
	GlobalSection(NestedProjects) = preSolution
		{C213467A-3438-40DB-B928-48752AE03B82} = {124A6801-FEBF-4421-AFFB-B6B0CE9625C2}
		{C63CF81D-66C7-4650-A19D-6D9B04CA4726} = {F747FBC5-8B02-43DE-977B-8E89158D7371}
		{F68E355E-468A-49EA-8D84-24FD50BFD8E2} = {12D2D0C6-06EA-4F1D-8EF5-C25BDA7BA16F}
		{3A705D8A-740C-4056-AD79-338E4E30DC30} = {12D2D0C6-06EA-4F1D-8EF5-C25BDA7BA16F}
		{12D2D0C6-06EA-4F1D-8EF5-C25BDA7BA16F} = {425C6A22-4F06-4361-8D9F-8C0714E99E60}
		{F747FBC5-8B02-43DE-977B-8E89158D7371} = {425C6A22-4F06-4361-8D9F-8C0714E99E60}
		{124A6801-FEBF-4421-AFFB-B6B0CE9625C2} = {425C6A22-4F06-4361-8D9F-8C0714E99E60}
		{C2E1C1BF-6F86-484D-901B-A35DE508531C} = {6EBF6140-0DDC-4937-92DA-E8DF1269DA12}
		{D606FFFA-D45E-48F4-BB22-3058C2975579} = {124A6801-FEBF-4421-AFFB-B6B0CE9625C2}
	EndGlobalSection
	GlobalSection(ProjectConfigurationPlatforms) = postSolution
		{C213467A-3438-40DB-B928-48752AE03B82}.Debug|Any CPU.ActiveCfg = Debug|Any CPU
		{C213467A-3438-40DB-B928-48752AE03B82}.Debug|Any CPU.Build.0 = Debug|Any CPU
		{C213467A-3438-40DB-B928-48752AE03B82}.Release|Any CPU.ActiveCfg = Release|Any CPU
		{C213467A-3438-40DB-B928-48752AE03B82}.Release|Any CPU.Build.0 = Release|Any CPU
		{C63CF81D-66C7-4650-A19D-6D9B04CA4726}.Debug|Any CPU.ActiveCfg = Debug|Any CPU
		{C63CF81D-66C7-4650-A19D-6D9B04CA4726}.Debug|Any CPU.Build.0 = Debug|Any CPU
		{C63CF81D-66C7-4650-A19D-6D9B04CA4726}.Release|Any CPU.ActiveCfg = Release|Any CPU
		{C63CF81D-66C7-4650-A19D-6D9B04CA4726}.Release|Any CPU.Build.0 = Release|Any CPU
		{F68E355E-468A-49EA-8D84-24FD50BFD8E2}.Debug|Any CPU.ActiveCfg = Debug|Any CPU
		{F68E355E-468A-49EA-8D84-24FD50BFD8E2}.Debug|Any CPU.Build.0 = Debug|Any CPU
		{F68E355E-468A-49EA-8D84-24FD50BFD8E2}.Release|Any CPU.ActiveCfg = Release|Any CPU
		{F68E355E-468A-49EA-8D84-24FD50BFD8E2}.Release|Any CPU.Build.0 = Release|Any CPU
		{3A705D8A-740C-4056-AD79-338E4E30DC30}.Debug|Any CPU.ActiveCfg = Debug|Any CPU
		{3A705D8A-740C-4056-AD79-338E4E30DC30}.Debug|Any CPU.Build.0 = Debug|Any CPU
		{3A705D8A-740C-4056-AD79-338E4E30DC30}.Release|Any CPU.ActiveCfg = Release|Any CPU
		{3A705D8A-740C-4056-AD79-338E4E30DC30}.Release|Any CPU.Build.0 = Release|Any CPU
		{D606FFFA-D45E-48F4-BB22-3058C2975579}.Debug|Any CPU.ActiveCfg = Debug|Any CPU
		{D606FFFA-D45E-48F4-BB22-3058C2975579}.Debug|Any CPU.Build.0 = Debug|Any CPU
		{D606FFFA-D45E-48F4-BB22-3058C2975579}.Release|Any CPU.ActiveCfg = Release|Any CPU
		{D606FFFA-D45E-48F4-BB22-3058C2975579}.Release|Any CPU.Build.0 = Release|Any CPU
	EndGlobalSection
EndGlobal
