
Microsoft Visual Studio Solution File, Format Version 12.00
Project("{FAE04EC0-301F-11D3-BF4B-00C04F79EFBC}") = "EFCoreWithSqliteConsoleApp", "EFCoreWithSqliteConsoleApp.csproj", "{BF50C42D-4643-4277-9814-C6D966ED5B34}"
EndProject
Global
	GlobalSection(SolutionConfigurationPlatforms) = preSolution
		Debug|Any CPU = Debug|Any CPU
		Release|Any CPU = Release|Any CPU
	EndGlobalSection
	GlobalSection(ProjectConfigurationPlatforms) = postSolution
		{BF50C42D-4643-4277-9814-C6D966ED5B34}.Debug|Any CPU.ActiveCfg = Debug|Any CPU
		{BF50C42D-4643-4277-9814-C6D966ED5B34}.Debug|Any CPU.Build.0 = Debug|Any CPU
		{BF50C42D-4643-4277-9814-C6D966ED5B34}.Release|Any CPU.ActiveCfg = Release|Any CPU
		{BF50C42D-4643-4277-9814-C6D966ED5B34}.Release|Any CPU.Build.0 = Release|Any CPU
	EndGlobalSection
EndGlobal
