
Microsoft Visual Studio Solution File, Format Version 12.00
Project("{2150E333-8FDC-42A3-9474-1A3956D46DE8}") = "doc", "doc", "{B11FC235-9751-49D6-B627-6675B4F48D3C}"
	ProjectSection(SolutionItems) = preProject
		README.md = README.md
	EndProjectSection
EndProject
Project("{2150E333-8FDC-42A3-9474-1A3956D46DE8}") = "Concepts and Practices", "Concepts and Practices", "{3F058101-3B3C-4E55-A41B-63CE8D6B2AA4}"
EndProject
Project("{2150E333-8FDC-42A3-9474-1A3956D46DE8}") = "Unedited API", "Unedited API", "{960F4853-B9B3-4D43-A6C2-CC29CF1DB39E}"
EndProject
Project("{FAE04EC0-301F-11D3-BF4B-00C04F79EFBC}") = "Customers.Api", "Unedited API\Customers.Api\Customers.Api.csproj", "{8156CB6C-BA7A-427A-80CF-F6D9458EE7D3}"
EndProject
Project("{2150E333-8FDC-42A3-9474-1A3956D46DE8}") = "src", "src", "{232950FB-2762-4998-BA65-3D5F06E6C57A}"
EndProject
Project("{2150E333-8FDC-42A3-9474-1A3956D46DE8}") = "tests", "tests", "{6EFE0A39-C27B-451D-9446-5AD125FDAFF3}"
EndProject
Project("{FAE04EC0-301F-11D3-BF4B-00C04F79EFBC}") = "Customers.Api", "Concepts and Practices\src\Customers.Api\Customers.Api.csproj", "{761AAE55-C3BD-4A8B-A232-7B6A54EABD46}"
EndProject
Project("{FAE04EC0-301F-11D3-BF4B-00C04F79EFBC}") = "Customers.Api.Tests.Integration", "Concepts and Practices\tests\Customers.Api.Tests.Integration\Customers.Api.Tests.Integration.csproj", "{3675EF5D-F1B7-4E67-A98C-45C68D589274}"
EndProject
Project("{2150E333-8FDC-42A3-9474-1A3956D46DE8}") = "Real World Testing", "Real World Testing", "{6B049E84-A4C2-4008-BFC7-A3F77B0183A3}"
EndProject
Project("{FAE04EC0-301F-11D3-BF4B-00C04F79EFBC}") = "Customers.Api", "Real World Testing\src\Customers.Api\Customers.Api.csproj", "{25C1F406-B98F-469D-8800-8E918F98F5E0}"
EndProject
Project("{2150E333-8FDC-42A3-9474-1A3956D46DE8}") = "src", "src", "{A4374E79-393A-4AC5-9388-43AD63666C1E}"
EndProject
Project("{2150E333-8FDC-42A3-9474-1A3956D46DE8}") = "tests", "tests", "{D13F73AD-B941-40ED-817C-5434850D9466}"
EndProject
Project("{FAE04EC0-301F-11D3-BF4B-00C04F79EFBC}") = "Customers.Api.Tests.Integration", "Real World Testing\tests\Customers.Api.Tests.Integration\Customers.Api.Tests.Integration.csproj", "{140F97E1-B28E-43C3-A93A-E7400FB7E9DC}"
EndProject
Project("{FAE04EC0-301F-11D3-BF4B-00C04F79EFBC}") = "FakeApi", "Real World Testing\src\FakeApi\FakeApi.csproj", "{49B2501D-7A26-4627-994F-C70C89562D7D}"
EndProject
Global
	GlobalSection(SolutionConfigurationPlatforms) = preSolution
		Debug|Any CPU = Debug|Any CPU
		Release|Any CPU = Release|Any CPU
	EndGlobalSection
	GlobalSection(NestedProjects) = preSolution
		{8156CB6C-BA7A-427A-80CF-F6D9458EE7D3} = {960F4853-B9B3-4D43-A6C2-CC29CF1DB39E}
		{232950FB-2762-4998-BA65-3D5F06E6C57A} = {3F058101-3B3C-4E55-A41B-63CE8D6B2AA4}
		{6EFE0A39-C27B-451D-9446-5AD125FDAFF3} = {3F058101-3B3C-4E55-A41B-63CE8D6B2AA4}
		{761AAE55-C3BD-4A8B-A232-7B6A54EABD46} = {232950FB-2762-4998-BA65-3D5F06E6C57A}
		{3675EF5D-F1B7-4E67-A98C-45C68D589274} = {6EFE0A39-C27B-451D-9446-5AD125FDAFF3}
		{A4374E79-393A-4AC5-9388-43AD63666C1E} = {6B049E84-A4C2-4008-BFC7-A3F77B0183A3}
		{25C1F406-B98F-469D-8800-8E918F98F5E0} = {A4374E79-393A-4AC5-9388-43AD63666C1E}
		{D13F73AD-B941-40ED-817C-5434850D9466} = {6B049E84-A4C2-4008-BFC7-A3F77B0183A3}
		{140F97E1-B28E-43C3-A93A-E7400FB7E9DC} = {D13F73AD-B941-40ED-817C-5434850D9466}
		{49B2501D-7A26-4627-994F-C70C89562D7D} = {A4374E79-393A-4AC5-9388-43AD63666C1E}
	EndGlobalSection
	GlobalSection(ProjectConfigurationPlatforms) = postSolution
		{8156CB6C-BA7A-427A-80CF-F6D9458EE7D3}.Debug|Any CPU.ActiveCfg = Debug|Any CPU
		{8156CB6C-BA7A-427A-80CF-F6D9458EE7D3}.Debug|Any CPU.Build.0 = Debug|Any CPU
		{8156CB6C-BA7A-427A-80CF-F6D9458EE7D3}.Release|Any CPU.ActiveCfg = Release|Any CPU
		{8156CB6C-BA7A-427A-80CF-F6D9458EE7D3}.Release|Any CPU.Build.0 = Release|Any CPU
		{761AAE55-C3BD-4A8B-A232-7B6A54EABD46}.Debug|Any CPU.ActiveCfg = Debug|Any CPU
		{761AAE55-C3BD-4A8B-A232-7B6A54EABD46}.Debug|Any CPU.Build.0 = Debug|Any CPU
		{761AAE55-C3BD-4A8B-A232-7B6A54EABD46}.Release|Any CPU.ActiveCfg = Release|Any CPU
		{761AAE55-C3BD-4A8B-A232-7B6A54EABD46}.Release|Any CPU.Build.0 = Release|Any CPU
		{3675EF5D-F1B7-4E67-A98C-45C68D589274}.Debug|Any CPU.ActiveCfg = Debug|Any CPU
		{3675EF5D-F1B7-4E67-A98C-45C68D589274}.Debug|Any CPU.Build.0 = Debug|Any CPU
		{3675EF5D-F1B7-4E67-A98C-45C68D589274}.Release|Any CPU.ActiveCfg = Release|Any CPU
		{3675EF5D-F1B7-4E67-A98C-45C68D589274}.Release|Any CPU.Build.0 = Release|Any CPU
		{25C1F406-B98F-469D-8800-8E918F98F5E0}.Debug|Any CPU.ActiveCfg = Debug|Any CPU
		{25C1F406-B98F-469D-8800-8E918F98F5E0}.Debug|Any CPU.Build.0 = Debug|Any CPU
		{25C1F406-B98F-469D-8800-8E918F98F5E0}.Release|Any CPU.ActiveCfg = Release|Any CPU
		{25C1F406-B98F-469D-8800-8E918F98F5E0}.Release|Any CPU.Build.0 = Release|Any CPU
		{140F97E1-B28E-43C3-A93A-E7400FB7E9DC}.Debug|Any CPU.ActiveCfg = Debug|Any CPU
		{140F97E1-B28E-43C3-A93A-E7400FB7E9DC}.Debug|Any CPU.Build.0 = Debug|Any CPU
		{140F97E1-B28E-43C3-A93A-E7400FB7E9DC}.Release|Any CPU.ActiveCfg = Release|Any CPU
		{140F97E1-B28E-43C3-A93A-E7400FB7E9DC}.Release|Any CPU.Build.0 = Release|Any CPU
		{49B2501D-7A26-4627-994F-C70C89562D7D}.Debug|Any CPU.ActiveCfg = Debug|Any CPU
		{49B2501D-7A26-4627-994F-C70C89562D7D}.Debug|Any CPU.Build.0 = Debug|Any CPU
		{49B2501D-7A26-4627-994F-C70C89562D7D}.Release|Any CPU.ActiveCfg = Release|Any CPU
		{49B2501D-7A26-4627-994F-C70C89562D7D}.Release|Any CPU.Build.0 = Release|Any CPU
	EndGlobalSection
EndGlobal
